{
  "name": "@pzzld/template-rs-cloudflare",
  "version": "0.0.0",
  "lockfileVersion": 3,
  "requires": true,
  "packages": {
    "": {
      "name": "@pzzld/template-rs-cloudflare",
      "version": "0.0.0",
      "license": "Apache-2.0",
      "engines": {
        "node": ">=18",
        "npm": ">=9"
      }
    }
  }
}
